
Microsoft Visual Studio Solution File, Format Version 12.00
# Visual Studio 2012
Project("{FAE04EC0-301F-11D3-BF4B-00C04F79EFBC}") = "GradientBars", "GradientBars\GradientBars.csproj", "{3ABDF274-2DE2-4285-AE6D-C8BA50288138}"
EndProject
Global
	GlobalSection(SolutionConfigurationPlatforms) = preSolution
		Debug|Any CPU = Debug|Any CPU
		Release|Any CPU = Release|Any CPU
	EndGlobalSection
	GlobalSection(ProjectConfigurationPlatforms) = postSolution
		{3ABDF274-2DE2-4285-AE6D-C8BA50288138}.Debug|Any CPU.ActiveCfg = Debug|Any CPU
		{3ABDF274-2DE2-4285-AE6D-C8BA50288138}.Debug|Any CPU.Build.0 = Debug|Any CPU
		{3ABDF274-2DE2-4285-AE6D-C8BA50288138}.Release|Any CPU.ActiveCfg = Release|Any CPU
		{3ABDF274-2DE2-4285-AE6D-C8BA50288138}.Release|Any CPU.Build.0 = Release|Any CPU
	EndGlobalSection
	GlobalSection(SolutionProperties) = preSolution
		HideSolutionNode = FALSE
	EndGlobalSection
EndGlobal
